{
  "name": "@gustavoquinalha/jekyll-help-center-theme",
  "version": "1.0.0",
  "lockfileVersion": 3,
  "requires": true,
  "packages": {
    "": {
      "name": "@gustavoquinalha/jekyll-help-center-theme",
      "version": "1.0.0",
      "license": "MIT",
      "dependencies": {
        "jquery": "^3.7.0",
        "light-modal": "^1.2.1"
      }
    },
    "node_modules/jquery": {
      "version": "3.7.0",
      "resolved": "https://registry.npmjs.org/jquery/-/jquery-3.7.0.tgz",
      "integrity": "sha512-umpJ0/k8X0MvD1ds0P9SfowREz2LenHsQaxSohMZ5OMNEU2r0tf8pdeEFTHMFxWVxKNyU9rTtK3CWzUCTKJUeQ=="
    },
    "node_modules/light-modal": {
      "version": "1.2.1",
      "resolved": "https://registry.npmjs.org/light-modal/-/light-modal-1.2.1.tgz",
      "integrity": "sha512-1VquhFUJcT6hVhwu3QIGaCB3PdqIBEA73TEJITm0QjnD7f8VJr/O/EdYYlHLtffDqFs7EpsqhLL6CQRoLVeMKw=="
    }
  }
}
